// !$*UTF8*$!
{
	archiveVersion = 1;
	classes = {
	};
	objectVersion = 46;
	objects = {

/* Begin PBXBuildFile section */
		D601B36C1E40F09C0081D028 /* AppDelegate.swift in Sources */ = {isa = PBXBuildFile; fileRef = D601B36B1E40F09C0081D028 /* AppDelegate.swift */; };
		D601B36E1E40F09C0081D028 /* MainVC.swift in Sources */ = {isa = PBXBuildFile; fileRef = D601B36D1E40F09C0081D028 /* MainVC.swift */; };
		D601B3711E40F09C0081D028 /* Main.storyboard in Resources */ = {isa = PBXBuildFile; fileRef = D601B36F1E40F09C0081D028 /* Main.storyboard */; };
		D601B3731E40F09C0081D028 /* Assets.xcassets in Resources */ = {isa = PBXBuildFile; fileRef = D601B3721E40F09C0081D028 /* Assets.xcassets */; };
		D601B3761E40F09C0081D028 /* LaunchScreen.storyboard in Resources */ = {isa = PBXBuildFile; fileRef = D601B3741E40F09C0081D028 /* LaunchScreen.storyboard */; };
		D636DAE41E424E0500888362 /* Utilities.swift in Sources */ = {isa = PBXBuildFile; fileRef = D636DAE31E424E0500888362 /* Utilities.swift */; };
		D6A2CEEB1E442D340069F113 /* SettingsTVC.swift in Sources */ = {isa = PBXBuildFile; fileRef = D6A2CEEA1E442D340069F113 /* SettingsTVC.swift */; };
/* End PBXBuildFile section */

/* Begin PBXFileReference section */
		D601B3681E40F09C0081D028 /* FingerPainter.app */ = {isa = PBXFileReference; explicitFileType = wrapper.application; includeInIndex = 0; path = FingerPainter.app; sourceTree = BUILT_PRODUCTS_DIR; };
		D601B36B1E40F09C0081D028 /* AppDelegate.swift */ = {isa = PBXFileReference; lastKnownFileType = sourcecode.swift; path = AppDelegate.swift; sourceTree = "<group>"; };
		D601B36D1E40F09C0081D028 /* MainVC.swift */ = {isa = PBXFileReference; lastKnownFileType = sourcecode.swift; path = MainVC.swift; sourceTree = "<group>"; };
		D601B3701E40F09C0081D028 /* Base */ = {isa = PBXFileReference; lastKnownFileType = file.storyboard; name = Base; path = Base.lproj/Main.storyboard; sourceTree = "<group>"; };
		D601B3721E40F09C0081D028 /* Assets.xcassets */ = {isa = PBXFileReference; lastKnownFileType = folder.assetcatalog; path = Assets.xcassets; sourceTree = "<group>"; };
		D601B3751E40F09C0081D028 /* Base */ = {isa = PBXFileReference; lastKnownFileType = file.storyboard; name = Base; path = Base.lproj/LaunchScreen.storyboard; sourceTree = "<group>"; };
		D601B3771E40F09C0081D028 /* Info.plist */ = {isa = PBXFileReference; lastKnownFileType = text.plist.xml; path = Info.plist; sourceTree = "<group>"; };
		D636DAE31E424E0500888362 /* Utilities.swift */ = {isa = PBXFileReference; fileEncoding = 4; lastKnownFileType = sourcecode.swift; path = Utilities.swift; sourceTree = "<group>"; };
		D6A2CEEA1E442D340069F113 /* SettingsTVC.swift */ = {isa = PBXFileReference; fileEncoding = 4; lastKnownFileType = sourcecode.swift; path = SettingsTVC.swift; sourceTree = "<group>"; };
/* End PBXFileReference section */

/* Begin PBXFrameworksBuildPhase section */
		D601B3651E40F09C0081D028 /* Frameworks */ = {
			isa = PBXFrameworksBuildPhase;
			buildActionMask = 2147483647;
			files = (
			);
			runOnlyForDeploymentPostprocessing = 0;
		};
/* End PBXFrameworksBuildPhase section */

/* Begin PBXGroup section */
		D601B35F1E40F09C0081D028 = {
			isa = PBXGroup;
			children = (
				D601B36A1E40F09C0081D028 /* FingerPainter */,
				D601B3691E40F09C0081D028 /* Products */,
			);
			sourceTree = "<group>";
		};
		D601B3691E40F09C0081D028 /* Products */ = {
			isa = PBXGroup;
			children = (
				D601B3681E40F09C0081D028 /* FingerPainter.app */,
			);
			name = Products;
			sourceTree = "<group>";
		};
		D601B36A1E40F09C0081D028 /* FingerPainter */ = {
			isa = PBXGroup;
			children = (
				D601B36B1E40F09C0081D028 /* AppDelegate.swift */,
				D636DAE31E424E0500888362 /* Utilities.swift */,
				D6A2CEEA1E442D340069F113 /* SettingsTVC.swift */,
				D601B36D1E40F09C0081D028 /* MainVC.swift */,
				D601B36F1E40F09C0081D028 /* Main.storyboard */,
				D601B3721E40F09C0081D028 /* Assets.xcassets */,
				D601B3741E40F09C0081D028 /* LaunchScreen.storyboard */,
				D601B3771E40F09C0081D028 /* Info.plist */,
			);
			path = FingerPainter;
			sourceTree = "<group>";
		};
/* End PBXGroup section */

/* Begin PBXNativeTarget section */
		D601B3671E40F09C0081D028 /* FingerPainter */ = {
			isa = PBXNativeTarget;
			buildConfigurationList = D601B37A1E40F09C0081D028 /* Build configuration list for PBXNativeTarget "FingerPainter" */;
			buildPhases = (
				D601B3641E40F09C0081D028 /* Sources */,
				D601B3651E40F09C0081D028 /* Frameworks */,
				D601B3661E40F09C0081D028 /* Resources */,
			);
			buildRules = (
			);
			dependencies = (
			);
			name = FingerPainter;
			productName = FingerPainter;
			productReference = D601B3681E40F09C0081D028 /* FingerPainter.app */;
			productType = "com.apple.product-type.application";
		};
/* End PBXNativeTarget section */

/* Begin PBXProject section */
		D601B3601E40F09C0081D028 /* Project object */ = {
			isa = PBXProject;
			attributes = {
				LastSwiftUpdateCheck = 0820;
				LastUpgradeCheck = 0820;
				ORGANIZATIONNAME = "Trip Creighton";
				TargetAttributes = {
					D601B3671E40F09C0081D028 = {
						CreatedOnToolsVersion = 8.2.1;
						DevelopmentTeam = CS9P2752P2;
						ProvisioningStyle = Automatic;
					};
				};
			};
			buildConfigurationList = D601B3631E40F09C0081D028 /* Build configuration list for PBXProject "FingerPainter" */;
			compatibilityVersion = "Xcode 3.2";
			developmentRegion = English;
			hasScannedForEncodings = 0;
			knownRegions = (
				en,
				Base,
			);
			mainGroup = D601B35F1E40F09C0081D028;
			productRefGroup = D601B3691E40F09C0081D028 /* Products */;
			projectDirPath = "";
			projectRoot = "";
			targets = (
				D601B3671E40F09C0081D028 /* FingerPainter */,
			);
		};
/* End PBXProject section */

/* Begin PBXResourcesBuildPhase section */
		D601B3661E40F09C0081D028 /* Resources */ = {
			isa = PBXResourcesBuildPhase;
			buildActionMask = 2147483647;
			files = (
				D601B3761E40F09C0081D028 /* LaunchScreen.storyboard in Resources */,
				D601B3731E40F09C0081D028 /* Assets.xcassets in Resources */,
				D601B3711E40F09C0081D028 /* Main.storyboard in Resources */,
			);
			runOnlyForDeploymentPostprocessing = 0;
		};
/* End PBXResourcesBuildPhase section */

/* Begin PBXSourcesBuildPhase section */
		D601B3641E40F09C0081D028 /* Sources */ = {
			isa = PBXSourcesBuildPhase;
			buildActionMask = 2147483647;
			files = (
				D601B36E1E40F09C0081D028 /* MainVC.swift in Sources */,
				D601B36C1E40F09C0081D028 /* AppDelegate.swift in Sources */,
				D6A2CEEB1E442D340069F113 /* SettingsTVC.swift in Sources */,
				D636DAE41E424E0500888362 /* Utilities.swift in Sources */,
			);
			runOnlyForDeploymentPostprocessing = 0;
		};
/* End PBXSourcesBuildPhase section */

/* Begin PBXVariantGroup section */
		D601B36F1E40F09C0081D028 /* Main.storyboard */ = {
			isa = PBXVariantGroup;
			children = (
				D601B3701E40F09C0081D028 /* Base */,
			);
			name = Main.storyboard;
			sourceTree = "<group>";
		};
		D601B3741E40F09C0081D028 /* LaunchScreen.storyboard */ = {
			isa = PBXVariantGroup;
			children = (
				D601B3751E40F09C0081D028 /* Base */,
			);
			name = LaunchScreen.storyboard;
			sourceTree = "<group>";
		};
/* End PBXVariantGroup section */

/* Begin XCBuildConfiguration section */
		D601B3781E40F09C0081D028 /* Debug */ = {
			isa = XCBuildConfiguration;
			buildSettings = {
				ALWAYS_SEARCH_USER_PATHS = NO;
				CLANG_ANALYZER_NONNULL = YES;
				CLANG_CXX_LANGUAGE_STANDARD = "gnu++0x";
				CLANG_CXX_LIBRARY = "libc++";
				CLANG_ENABLE_MODULES = YES;
				CLANG_ENABLE_OBJC_ARC = YES;
				CLANG_WARN_BOOL_CONVERSION = YES;
				CLANG_WARN_CONSTANT_CONVERSION = YES;
				CLANG_WARN_DIRECT_OBJC_ISA_USAGE = YES_ERROR;
				CLANG_WARN_DOCUMENTATION_COMMENTS = YES;
				CLANG_WARN_EMPTY_BODY = YES;
				CLANG_WARN_ENUM_CONVERSION = YES;
				CLANG_WARN_INFINITE_RECURSION = YES;
				CLANG_WARN_INT_CONVERSION = YES;
				CLANG_WARN_OBJC_ROOT_CLASS = YES_ERROR;
				CLANG_WARN_SUSPICIOUS_MOVE = YES;
				CLANG_WARN_UNREACHABLE_CODE = YES;
				CLANG_WARN__DUPLICATE_METHOD_MATCH = YES;
				"CODE_SIGN_IDENTITY[sdk=iphoneos*]" = "iPhone Developer";
				COPY_PHASE_STRIP = NO;
				DEBUG_INFORMATION_FORMAT = dwarf;
				ENABLE_STRICT_OBJC_MSGSEND = YES;
				ENABLE_TESTABILITY = YES;
				GCC_C_LANGUAGE_STANDARD = gnu99;
				GCC_DYNAMIC_NO_PIC = NO;
				GCC_NO_COMMON_BLOCKS = YES;
				GCC_OPTIMIZATION_LEVEL = 0;
				GCC_PREPROCESSOR_DEFINITIONS = (
					"DEBUG=1",
					"$(inherited)",
				);
				GCC_WARN_64_TO_32_BIT_CONVERSION = YES;
				GCC_WARN_ABOUT_RETURN_TYPE = YES_ERROR;
				GCC_WARN_UNDECLARED_SELECTOR = YES;
				GCC_WARN_UNINITIALIZED_AUTOS = YES_AGGRESSIVE;
				GCC_WARN_UNUSED_FUNCTION = YES;
				GCC_WARN_UNUSED_VARIABLE = YES;
				IPHONEOS_DEPLOYMENT_TARGET = 10.2;
				MTL_ENABLE_DEBUG_INFO = YES;
				ONLY_ACTIVE_ARCH = YES;
				SDKROOT = iphoneos;
				SWIFT_ACTIVE_COMPILATION_CONDITIONS = DEBUG;
				SWIFT_OPTIMIZATION_LEVEL = "-Onone";
			};
			name = Debug;
		};
		D601B3791E40F09C0081D028 /* Release */ = {
			isa = XCBuildConfiguration;
			buildSettings = {
				ALWAYS_SEARCH_USER_PATHS = NO;
				CLANG_ANALYZER_NONNULL = YES;
				CLANG_CXX_LANGUAGE_STANDARD = "gnu++0x";
				CLANG_CXX_LIBRARY = "libc++";
				CLANG_ENABLE_MODULES = YES;
				CLANG_ENABLE_OBJC_ARC = YES;
				CLANG_WARN_BOOL_CONVERSION = YES;
				CLANG_WARN_CONSTANT_CONVERSION = YES;
				CLANG_WARN_DIRECT_OBJC_ISA_USAGE = YES_ERROR;
				CLANG_WARN_DOCUMENTATION_COMMENTS = YES;
				CLANG_WARN_EMPTY_BODY = YES;
				CLANG_WARN_ENUM_CONVERSION = YES;
				CLANG_WARN_INFINITE_RECURSION = YES;
				CLANG_WARN_INT_CONVERSION = YES;
				CLANG_WARN_OBJC_ROOT_CLASS = YES_ERROR;
				CLANG_WARN_SUSPICIOUS_MOVE = YES;
				CLANG_WARN_UNREACHABLE_CODE = YES;
				CLANG_WARN__DUPLICATE_METHOD_MATCH = YES;
				"CODE_SIGN_IDENTITY[sdk=iphoneos*]" = "iPhone Developer";
				COPY_PHASE_STRIP = NO;
				DEBUG_INFORMATION_FORMAT = "dwarf-with-dsym";
				ENABLE_NS_ASSERTIONS = NO;
				ENABLE_STRICT_OBJC_MSGSEND = YES;
				GCC_C_LANGUAGE_STANDARD = gnu99;
				GCC_NO_COMMON_BLOCKS = YES;
				GCC_WARN_64_TO_32_BIT_CONVERSION = YES;
				GCC_WARN_ABOUT_RETURN_TYPE = YES_ERROR;
				GCC_WARN_UNDECLARED_SELECTOR = YES;
				GCC_WARN_UNINITIALIZED_AUTOS = YES_AGGRESSIVE;
				GCC_WARN_UNUSED_FUNCTION = YES;
				GCC_WARN_UNUSED_VARIABLE = YES;
				IPHONEOS_DEPLOYMENT_TARGET = 10.2;
				MTL_ENABLE_DEBUG_INFO = NO;
				SDKROOT = iphoneos;
				SWIFT_OPTIMIZATION_LEVEL = "-Owholemodule";
				VALIDATE_PRODUCT = YES;
			};
			name = Release;
		};
		D601B37B1E40F09C0081D028 /* Debug */ = {
			isa = XCBuildConfiguration;
			buildSettings = {
				ASSETCATALOG_COMPILER_APPICON_NAME = AppIcon;
				DEVELOPMENT_TEAM = CS9P2752P2;
				INFOPLIST_FILE = FingerPainter/Info.plist;
				LD_RUNPATH_SEARCH_PATHS = "$(inherited) @executable_path/Frameworks";
				PRODUCT_BUNDLE_IDENTIFIER = com.tripcreighton.FingerPainter;
				PRODUCT_NAME = "$(TARGET_NAME)";
				SWIFT_VERSION = 3.0;
			};
			name = Debug;
		};
		D601B37C1E40F09C0081D028 /* Release */ = {
			isa = XCBuildConfiguration;
			buildSettings = {
				ASSETCATALOG_COMPILER_APPICON_NAME = AppIcon;
				DEVELOPMENT_TEAM = CS9P2752P2;
				INFOPLIST_FILE = FingerPainter/Info.plist;
				LD_RUNPATH_SEARCH_PATHS = "$(inherited) @executable_path/Frameworks";
				PRODUCT_BUNDLE_IDENTIFIER = com.tripcreighton.FingerPainter;
				PRODUCT_NAME = "$(TARGET_NAME)";
				SWIFT_VERSION = 3.0;
			};
			name = Release;
		};
/* End XCBuildConfiguration section */

/* Begin XCConfigurationList section */
		D601B3631E40F09C0081D028 /* Build configuration list for PBXProject "FingerPainter" */ = {
			isa = XCConfigurationList;
			buildConfigurations = (
				D601B3781E40F09C0081D028 /* Debug */,
				D601B3791E40F09C0081D028 /* Release */,
			);
			defaultConfigurationIsVisible = 0;
			defaultConfigurationName = Release;
		};
		D601B37A1E40F09C0081D028 /* Build configuration list for PBXNativeTarget "FingerPainter" */ = {
			isa = XCConfigurationList;
			buildConfigurations = (
				D601B37B1E40F09C0081D028 /* Debug */,
				D601B37C1E40F09C0081D028 /* Release */,
			);
			defaultConfigurationIsVisible = 0;
			defaultConfigurationName = Release;
		};
/* End XCConfigurationList section */
	};
	rootObject = D601B3601E40F09C0081D028 /* Project object */;
}
